{
  "name": "JS-Polyfills",
  "lockfileVersion": 3,
  "requires": true,
  "packages": {
    "": {
      "dependencies": {
        "@pranshupatel/custom-alert": "^1.0.8"
      }
    },
    "node_modules/@pranshupatel/custom-alert": {
      "version": "1.0.8",
      "resolved": "https://registry.npmjs.org/@pranshupatel/custom-alert/-/custom-alert-1.0.8.tgz",
      "integrity": "sha512-8/smJN+I0GefrbpUpKfF/d2wys6Q5TgllUTdbbQOI43rpDG8AaGhWzePOpRZTo1Wf2/h2URvvWdTfj5vuz9GZQ==",
      "license": "ISC"
    }
  }
}
